// !$*UTF8*$!
{
	archiveVersion = 1;
	classes = {
	};
	objectVersion = 50;
	objects = {

/* Begin PBXBuildFile section */
		80A8E2B22431E42E00BFEE3E /* AppDelegate.swift in Sources */ = {isa = PBXBuildFile; fileRef = 80A8E2B12431E42E00BFEE3E /* AppDelegate.swift */; };
		80A8E2B42431E42E00BFEE3E /* SceneDelegate.swift in Sources */ = {isa = PBXBuildFile; fileRef = 80A8E2B32431E42E00BFEE3E /* SceneDelegate.swift */; };
		80A8E2B62431E42E00BFEE3E /* ViewController.swift in Sources */ = {isa = PBXBuildFile; fileRef = 80A8E2B52431E42E00BFEE3E /* ViewController.swift */; };
		80A8E2B92431E42E00BFEE3E /* Main.storyboard in Resources */ = {isa = PBXBuildFile; fileRef = 80A8E2B72431E42E00BFEE3E /* Main.storyboard */; };
		80A8E2BB2431E43000BFEE3E /* Assets.xcassets in Resources */ = {isa = PBXBuildFile; fileRef = 80A8E2BA2431E43000BFEE3E /* Assets.xcassets */; };
		80A8E2BE2431E43000BFEE3E /* LaunchScreen.storyboard in Resources */ = {isa = PBXBuildFile; fileRef = 80A8E2BC2431E43000BFEE3E /* LaunchScreen.storyboard */; };
/* End PBXBuildFile section */

/* Begin PBXFileReference section */
		80A8E2AE2431E42E00BFEE3E /* mar30_2_2020.app */ = {isa = PBXFileReference; explicitFileType = wrapper.application; includeInIndex = 0; path = mar30_2_2020.app; sourceTree = BUILT_PRODUCTS_DIR; };
		80A8E2B12431E42E00BFEE3E /* AppDelegate.swift */ = {isa = PBXFileReference; lastKnownFileType = sourcecode.swift; path = AppDelegate.swift; sourceTree = "<group>"; };
		80A8E2B32431E42E00BFEE3E /* SceneDelegate.swift */ = {isa = PBXFileReference; lastKnownFileType = sourcecode.swift; path = SceneDelegate.swift; sourceTree = "<group>"; };
		80A8E2B52431E42E00BFEE3E /* ViewController.swift */ = {isa = PBXFileReference; lastKnownFileType = sourcecode.swift; path = ViewController.swift; sourceTree = "<group>"; };
		80A8E2B82431E42E00BFEE3E /* Base */ = {isa = PBXFileReference; lastKnownFileType = file.storyboard; name = Base; path = Base.lproj/Main.storyboard; sourceTree = "<group>"; };
		80A8E2BA2431E43000BFEE3E /* Assets.xcassets */ = {isa = PBXFileReference; lastKnownFileType = folder.assetcatalog; path = Assets.xcassets; sourceTree = "<group>"; };
		80A8E2BD2431E43000BFEE3E /* Base */ = {isa = PBXFileReference; lastKnownFileType = file.storyboard; name = Base; path = Base.lproj/LaunchScreen.storyboard; sourceTree = "<group>"; };
		80A8E2BF2431E43000BFEE3E /* Info.plist */ = {isa = PBXFileReference; lastKnownFileType = text.plist.xml; path = Info.plist; sourceTree = "<group>"; };
/* End PBXFileReference section */

/* Begin PBXFrameworksBuildPhase section */
		80A8E2AB2431E42E00BFEE3E /* Frameworks */ = {
			isa = PBXFrameworksBuildPhase;
			buildActionMask = 2147483647;
			files = (
			);
			runOnlyForDeploymentPostprocessing = 0;
		};
/* End PBXFrameworksBuildPhase section */

/* Begin PBXGroup section */
		80A8E2A52431E42E00BFEE3E = {
			isa = PBXGroup;
			children = (
				80A8E2B02431E42E00BFEE3E /* mar30_2_2020 */,
				80A8E2AF2431E42E00BFEE3E /* Products */,
			);
			sourceTree = "<group>";
		};
		80A8E2AF2431E42E00BFEE3E /* Products */ = {
			isa = PBXGroup;
			children = (
				80A8E2AE2431E42E00BFEE3E /* mar30_2_2020.app */,
			);
			name = Products;
			sourceTree = "<group>";
		};
		80A8E2B02431E42E00BFEE3E /* mar30_2_2020 */ = {
			isa = PBXGroup;
			children = (
				80A8E2B12431E42E00BFEE3E /* AppDelegate.swift */,
				80A8E2B32431E42E00BFEE3E /* SceneDelegate.swift */,
				80A8E2B52431E42E00BFEE3E /* ViewController.swift */,
				80A8E2B72431E42E00BFEE3E /* Main.storyboard */,
				80A8E2BA2431E43000BFEE3E /* Assets.xcassets */,
				80A8E2BC2431E43000BFEE3E /* LaunchScreen.storyboard */,
				80A8E2BF2431E43000BFEE3E /* Info.plist */,
			);
			path = mar30_2_2020;
			sourceTree = "<group>";
		};
/* End PBXGroup section */

/* Begin PBXNativeTarget section */
		80A8E2AD2431E42E00BFEE3E /* mar30_2_2020 */ = {
			isa = PBXNativeTarget;
			buildConfigurationList = 80A8E2C22431E43000BFEE3E /* Build configuration list for PBXNativeTarget "mar30_2_2020" */;
			buildPhases = (
				80A8E2AA2431E42E00BFEE3E /* Sources */,
				80A8E2AB2431E42E00BFEE3E /* Frameworks */,
				80A8E2AC2431E42E00BFEE3E /* Resources */,
			);
			buildRules = (
			);
			dependencies = (
			);
			name = mar30_2_2020;
			productName = mar30_2_2020;
			productReference = 80A8E2AE2431E42E00BFEE3E /* mar30_2_2020.app */;
			productType = "com.apple.product-type.application";
		};
/* End PBXNativeTarget section */

/* Begin PBXProject section */
		80A8E2A62431E42E00BFEE3E /* Project object */ = {
			isa = PBXProject;
			attributes = {
				LastSwiftUpdateCheck = 1140;
				LastUpgradeCheck = 1140;
				ORGANIZATIONNAME = Wangkuanchih;
				TargetAttributes = {
					80A8E2AD2431E42E00BFEE3E = {
						CreatedOnToolsVersion = 11.4;
					};
				};
			};
			buildConfigurationList = 80A8E2A92431E42E00BFEE3E /* Build configuration list for PBXProject "mar30_2_2020" */;
			compatibilityVersion = "Xcode 9.3";
			developmentRegion = en;
			hasScannedForEncodings = 0;
			knownRegions = (
				en,
				Base,
			);
			mainGroup = 80A8E2A52431E42E00BFEE3E;
			productRefGroup = 80A8E2AF2431E42E00BFEE3E /* Products */;
			projectDirPath = "";
			projectRoot = "";
			targets = (
				80A8E2AD2431E42E00BFEE3E /* mar30_2_2020 */,
			);
		};
/* End PBXProject section */

/* Begin PBXResourcesBuildPhase section */
		80A8E2AC2431E42E00BFEE3E /* Resources */ = {
			isa = PBXResourcesBuildPhase;
			buildActionMask = 2147483647;
			files = (
				80A8E2BE2431E43000BFEE3E /* LaunchScreen.storyboard in Resources */,
				80A8E2BB2431E43000BFEE3E /* Assets.xcassets in Resources */,
				80A8E2B92431E42E00BFEE3E /* Main.storyboard in Resources */,
			);
			runOnlyForDeploymentPostprocessing = 0;
		};
/* End PBXResourcesBuildPhase section */

/* Begin PBXSourcesBuildPhase section */
		80A8E2AA2431E42E00BFEE3E /* Sources */ = {
			isa = PBXSourcesBuildPhase;
			buildActionMask = 2147483647;
			files = (
				80A8E2B62431E42E00BFEE3E /* ViewController.swift in Sources */,
				80A8E2B22431E42E00BFEE3E /* AppDelegate.swift in Sources */,
				80A8E2B42431E42E00BFEE3E /* SceneDelegate.swift in Sources */,
			);
			runOnlyForDeploymentPostprocessing = 0;
		};
/* End PBXSourcesBuildPhase section */

/* Begin PBXVariantGroup section */
		80A8E2B72431E42E00BFEE3E /* Main.storyboard */ = {
			isa = PBXVariantGroup;
			children = (
				80A8E2B82431E42E00BFEE3E /* Base */,
			);
			name = Main.storyboard;
			sourceTree = "<group>";
		};
		80A8E2BC2431E43000BFEE3E /* LaunchScreen.storyboard */ = {
			isa = PBXVariantGroup;
			children = (
				80A8E2BD2431E43000BFEE3E /* Base */,
			);
			name = LaunchScreen.storyboard;
			sourceTree = "<group>";
		};
/* End PBXVariantGroup section */

/* Begin XCBuildConfiguration section */
		80A8E2C02431E43000BFEE3E /* Debug */ = {
			isa = XCBuildConfiguration;
			buildSettings = {
				ALWAYS_SEARCH_USER_PATHS = NO;
				CLANG_ANALYZER_NONNULL = YES;
				CLANG_ANALYZER_NUMBER_OBJECT_CONVERSION = YES_AGGRESSIVE;
				CLANG_CXX_LANGUAGE_STANDARD = "gnu++14";
				CLANG_CXX_LIBRARY = "libc++";
				CLANG_ENABLE_MODULES = YES;
				CLANG_ENABLE_OBJC_ARC = YES;
				CLANG_ENABLE_OBJC_WEAK = YES;
				CLANG_WARN_BLOCK_CAPTURE_AUTORELEASING = YES;
				CLANG_WARN_BOOL_CONVERSION = YES;
				CLANG_WARN_COMMA = YES;
				CLANG_WARN_CONSTANT_CONVERSION = YES;
				CLANG_WARN_DEPRECATED_OBJC_IMPLEMENTATIONS = YES;
				CLANG_WARN_DIRECT_OBJC_ISA_USAGE = YES_ERROR;
				CLANG_WARN_DOCUMENTATION_COMMENTS = YES;
				CLANG_WARN_EMPTY_BODY = YES;
				CLANG_WARN_ENUM_CONVERSION = YES;
				CLANG_WARN_INFINITE_RECURSION = YES;
				CLANG_WARN_INT_CONVERSION = YES;
				CLANG_WARN_NON_LITERAL_NULL_CONVERSION = YES;
				CLANG_WARN_OBJC_IMPLICIT_RETAIN_SELF = YES;
				CLANG_WARN_OBJC_LITERAL_CONVERSION = YES;
				CLANG_WARN_OBJC_ROOT_CLASS = YES_ERROR;
				CLANG_WARN_RANGE_LOOP_ANALYSIS = YES;
				CLANG_WARN_STRICT_PROTOTYPES = YES;
				CLANG_WARN_SUSPICIOUS_MOVE = YES;
				CLANG_WARN_UNGUARDED_AVAILABILITY = YES_AGGRESSIVE;
				CLANG_WARN_UNREACHABLE_CODE = YES;
				CLANG_WARN__DUPLICATE_METHOD_MATCH = YES;
				COPY_PHASE_STRIP = NO;
				DEBUG_INFORMATION_FORMAT = dwarf;
				ENABLE_STRICT_OBJC_MSGSEND = YES;
				ENABLE_TESTABILITY = YES;
				GCC_C_LANGUAGE_STANDARD = gnu11;
				GCC_DYNAMIC_NO_PIC = NO;
				GCC_NO_COMMON_BLOCKS = YES;
				GCC_OPTIMIZATION_LEVEL = 0;
				GCC_PREPROCESSOR_DEFINITIONS = (
					"DEBUG=1",
					"$(inherited)",
				);
				GCC_WARN_64_TO_32_BIT_CONVERSION = YES;
				GCC_WARN_ABOUT_RETURN_TYPE = YES_ERROR;
				GCC_WARN_UNDECLARED_SELECTOR = YES;
				GCC_WARN_UNINITIALIZED_AUTOS = YES_AGGRESSIVE;
				GCC_WARN_UNUSED_FUNCTION = YES;
				GCC_WARN_UNUSED_VARIABLE = YES;
				IPHONEOS_DEPLOYMENT_TARGET = 13.4;
				MTL_ENABLE_DEBUG_INFO = INCLUDE_SOURCE;
				MTL_FAST_MATH = YES;
				ONLY_ACTIVE_ARCH = YES;
				SDKROOT = iphoneos;
				SWIFT_ACTIVE_COMPILATION_CONDITIONS = DEBUG;
				SWIFT_OPTIMIZATION_LEVEL = "-Onone";
			};
			name = Debug;
		};
		80A8E2C12431E43000BFEE3E /* Release */ = {
			isa = XCBuildConfiguration;
			buildSettings = {
				ALWAYS_SEARCH_USER_PATHS = NO;
				CLANG_ANALYZER_NONNULL = YES;
				CLANG_ANALYZER_NUMBER_OBJECT_CONVERSION = YES_AGGRESSIVE;
				CLANG_CXX_LANGUAGE_STANDARD = "gnu++14";
				CLANG_CXX_LIBRARY = "libc++";
				CLANG_ENABLE_MODULES = YES;
				CLANG_ENABLE_OBJC_ARC = YES;
				CLANG_ENABLE_OBJC_WEAK = YES;
				CLANG_WARN_BLOCK_CAPTURE_AUTORELEASING = YES;
				CLANG_WARN_BOOL_CONVERSION = YES;
				CLANG_WARN_COMMA = YES;
				CLANG_WARN_CONSTANT_CONVERSION = YES;
				CLANG_WARN_DEPRECATED_OBJC_IMPLEMENTATIONS = YES;
				CLANG_WARN_DIRECT_OBJC_ISA_USAGE = YES_ERROR;
				CLANG_WARN_DOCUMENTATION_COMMENTS = YES;
				CLANG_WARN_EMPTY_BODY = YES;
				CLANG_WARN_ENUM_CONVERSION = YES;
				CLANG_WARN_INFINITE_RECURSION = YES;
				CLANG_WARN_INT_CONVERSION = YES;
				CLANG_WARN_NON_LITERAL_NULL_CONVERSION = YES;
				CLANG_WARN_OBJC_IMPLICIT_RETAIN_SELF = YES;
				CLANG_WARN_OBJC_LITERAL_CONVERSION = YES;
				CLANG_WARN_OBJC_ROOT_CLASS = YES_ERROR;
				CLANG_WARN_RANGE_LOOP_ANALYSIS = YES;
				CLANG_WARN_STRICT_PROTOTYPES = YES;
				CLANG_WARN_SUSPICIOUS_MOVE = YES;
				CLANG_WARN_UNGUARDED_AVAILABILITY = YES_AGGRESSIVE;
				CLANG_WARN_UNREACHABLE_CODE = YES;
				CLANG_WARN__DUPLICATE_METHOD_MATCH = YES;
				COPY_PHASE_STRIP = NO;
				DEBUG_INFORMATION_FORMAT = "dwarf-with-dsym";
				ENABLE_NS_ASSERTIONS = NO;
				ENABLE_STRICT_OBJC_MSGSEND = YES;
				GCC_C_LANGUAGE_STANDARD = gnu11;
				GCC_NO_COMMON_BLOCKS = YES;
				GCC_WARN_64_TO_32_BIT_CONVERSION = YES;
				GCC_WARN_ABOUT_RETURN_TYPE = YES_ERROR;
				GCC_WARN_UNDECLARED_SELECTOR = YES;
				GCC_WARN_UNINITIALIZED_AUTOS = YES_AGGRESSIVE;
				GCC_WARN_UNUSED_FUNCTION = YES;
				GCC_WARN_UNUSED_VARIABLE = YES;
				IPHONEOS_DEPLOYMENT_TARGET = 13.4;
				MTL_ENABLE_DEBUG_INFO = NO;
				MTL_FAST_MATH = YES;
				SDKROOT = iphoneos;
				SWIFT_COMPILATION_MODE = wholemodule;
				SWIFT_OPTIMIZATION_LEVEL = "-O";
				VALIDATE_PRODUCT = YES;
			};
			name = Release;
		};
		80A8E2C32431E43000BFEE3E /* Debug */ = {
			isa = XCBuildConfiguration;
			buildSettings = {
				ASSETCATALOG_COMPILER_APPICON_NAME = AppIcon;
				CODE_SIGN_STYLE = Automatic;
				DEVELOPMENT_TEAM = 78K3R74X59;
				INFOPLIST_FILE = mar30_2_2020/Info.plist;
				LD_RUNPATH_SEARCH_PATHS = (
					"$(inherited)",
					"@executable_path/Frameworks",
				);
				PRODUCT_BUNDLE_IDENTIFIER = "Kuan.mar30-2-2020";
				PRODUCT_NAME = "$(TARGET_NAME)";
				SWIFT_VERSION = 5.0;
				TARGETED_DEVICE_FAMILY = "1,2";
			};
			name = Debug;
		};
		80A8E2C42431E43000BFEE3E /* Release */ = {
			isa = XCBuildConfiguration;
			buildSettings = {
				ASSETCATALOG_COMPILER_APPICON_NAME = AppIcon;
				CODE_SIGN_STYLE = Automatic;
				DEVELOPMENT_TEAM = 78K3R74X59;
				INFOPLIST_FILE = mar30_2_2020/Info.plist;
				LD_RUNPATH_SEARCH_PATHS = (
					"$(inherited)",
					"@executable_path/Frameworks",
				);
				PRODUCT_BUNDLE_IDENTIFIER = "Kuan.mar30-2-2020";
				PRODUCT_NAME = "$(TARGET_NAME)";
				SWIFT_VERSION = 5.0;
				TARGETED_DEVICE_FAMILY = "1,2";
			};
			name = Release;
		};
/* End XCBuildConfiguration section */

/* Begin XCConfigurationList section */
		80A8E2A92431E42E00BFEE3E /* Build configuration list for PBXProject "mar30_2_2020" */ = {
			isa = XCConfigurationList;
			buildConfigurations = (
				80A8E2C02431E43000BFEE3E /* Debug */,
				80A8E2C12431E43000BFEE3E /* Release */,
			);
			defaultConfigurationIsVisible = 0;
			defaultConfigurationName = Release;
		};
		80A8E2C22431E43000BFEE3E /* Build configuration list for PBXNativeTarget "mar30_2_2020" */ = {
			isa = XCConfigurationList;
			buildConfigurations = (
				80A8E2C32431E43000BFEE3E /* Debug */,
				80A8E2C42431E43000BFEE3E /* Release */,
			);
			defaultConfigurationIsVisible = 0;
			defaultConfigurationName = Release;
		};
/* End XCConfigurationList section */
	};
	rootObject = 80A8E2A62431E42E00BFEE3E /* Project object */;
}
